
Microsoft Visual Studio Solution File, Format Version 12.00
# Visual Studio 15
VisualStudioVersion = 15.0.28307.1267
MinimumVisualStudioVersion = 10.0.40219.1
Project("{FAE04EC0-301F-11D3-BF4B-00C04F79EFBC}") = "ClientChatApp_120_MuhammadZulqoniun", "ClientChatApp_120_MuhammadZulqoniun\ClientChatApp_120_MuhammadZulqoniun.csproj", "{301A5699-1614-4728-A42F-9F5F2412F0F8}"
EndProject
Global
	GlobalSection(SolutionConfigurationPlatforms) = preSolution
		Debug|Any CPU = Debug|Any CPU
		Release|Any CPU = Release|Any CPU
	EndGlobalSection
	GlobalSection(ProjectConfigurationPlatforms) = postSolution
		{301A5699-1614-4728-A42F-9F5F2412F0F8}.Debug|Any CPU.ActiveCfg = Debug|Any CPU
		{301A5699-1614-4728-A42F-9F5F2412F0F8}.Debug|Any CPU.Build.0 = Debug|Any CPU
		{301A5699-1614-4728-A42F-9F5F2412F0F8}.Release|Any CPU.ActiveCfg = Release|Any CPU
		{301A5699-1614-4728-A42F-9F5F2412F0F8}.Release|Any CPU.Build.0 = Release|Any CPU
	EndGlobalSection
	GlobalSection(SolutionProperties) = preSolution
		HideSolutionNode = FALSE
	EndGlobalSection
	GlobalSection(ExtensibilityGlobals) = postSolution
		SolutionGuid = {94A85012-640F-4B72-BF3D-09EF389A122C}
	EndGlobalSection
EndGlobal
